
Microsoft Visual Studio Solution File, Format Version 12.00
# Visual Studio Version 17
VisualStudioVersion = 17.0.31903.59
MinimumVisualStudioVersion = 10.0.40219.1
Project("{2150E333-8FDC-42A3-9474-1A3956D46DE8}") = "src", "src", "{827E0CD3-B72D-47B6-A68D-7590B98EB39B}"
EndProject
Project("{FAE04EC0-301F-11D3-BF4B-00C04F79EFBC}") = "Shared", "src\Shared\Shared.csproj", "{90EE2A05-3C04-4D82-BCAF-E9F258356DC3}"
EndProject
Project("{FAE04EC0-301F-11D3-BF4B-00C04F79EFBC}") = "IdentityService", "src\IdentityService\IdentityService.csproj", "{89C6F41B-2DD3-409D-986C-69D317C360E3}"
EndProject
Project("{FAE04EC0-301F-11D3-BF4B-00C04F79EFBC}") = "PropertyService", "src\PropertyService\PropertyService.csproj", "{FF5C55F2-9242-4165-9F84-234C4D51AD90}"
EndProject
Project("{FAE04EC0-301F-11D3-BF4B-00C04F79EFBC}") = "IngestionService", "src\IngestionService\IngestionService.csproj", "{EF35018D-6956-4999-A2BF-C66F79CC0F92}"
EndProject
Project("{FAE04EC0-301F-11D3-BF4B-00C04F79EFBC}") = "AlertService", "src\AlertService\AlertService.csproj", "{678FD6E2-D354-4BD5-9300-184707897906}"
EndProject
Project("{2150E333-8FDC-42A3-9474-1A3956D46DE8}") = "tests", "tests", "{0AB3BF05-4346-4AA6-1389-037BE0695223}"
EndProject
Project("{FAE04EC0-301F-11D3-BF4B-00C04F79EFBC}") = "IdentityService.Tests", "tests\IdentityService.Tests\IdentityService.Tests.csproj", "{A0DECCC3-04FC-44EB-ACBE-B7DE2C6BB51B}"
EndProject
Project("{FAE04EC0-301F-11D3-BF4B-00C04F79EFBC}") = "PropertyService.Tests", "tests\PropertyService.Tests\PropertyService.Tests.csproj", "{59E287C1-3795-47FF-9A38-8F8001D140B0}"
EndProject
Project("{FAE04EC0-301F-11D3-BF4B-00C04F79EFBC}") = "IngestionService.Tests", "tests\IngestionService.Tests\IngestionService.Tests.csproj", "{E6B72767-7CC7-4DBE-9B87-7BC57D068F13}"
EndProject
Project("{FAE04EC0-301F-11D3-BF4B-00C04F79EFBC}") = "AlertService.Tests", "tests\AlertService.Tests\AlertService.Tests.csproj", "{05C37FCE-B0BF-4C77-A3C3-A32DC23E09BB}"
EndProject
Global
	GlobalSection(SolutionConfigurationPlatforms) = preSolution
		Debug|Any CPU = Debug|Any CPU
		Debug|x64 = Debug|x64
		Debug|x86 = Debug|x86
		Release|Any CPU = Release|Any CPU
		Release|x64 = Release|x64
		Release|x86 = Release|x86
	EndGlobalSection
	GlobalSection(ProjectConfigurationPlatforms) = postSolution
		{90EE2A05-3C04-4D82-BCAF-E9F258356DC3}.Debug|Any CPU.ActiveCfg = Debug|Any CPU
		{90EE2A05-3C04-4D82-BCAF-E9F258356DC3}.Debug|Any CPU.Build.0 = Debug|Any CPU
		{90EE2A05-3C04-4D82-BCAF-E9F258356DC3}.Debug|x64.ActiveCfg = Debug|Any CPU
		{90EE2A05-3C04-4D82-BCAF-E9F258356DC3}.Debug|x64.Build.0 = Debug|Any CPU
		{90EE2A05-3C04-4D82-BCAF-E9F258356DC3}.Debug|x86.ActiveCfg = Debug|Any CPU
		{90EE2A05-3C04-4D82-BCAF-E9F258356DC3}.Debug|x86.Build.0 = Debug|Any CPU
		{90EE2A05-3C04-4D82-BCAF-E9F258356DC3}.Release|Any CPU.ActiveCfg = Release|Any CPU
		{90EE2A05-3C04-4D82-BCAF-E9F258356DC3}.Release|Any CPU.Build.0 = Release|Any CPU
		{90EE2A05-3C04-4D82-BCAF-E9F258356DC3}.Release|x64.ActiveCfg = Release|Any CPU
		{90EE2A05-3C04-4D82-BCAF-E9F258356DC3}.Release|x64.Build.0 = Release|Any CPU
		{90EE2A05-3C04-4D82-BCAF-E9F258356DC3}.Release|x86.ActiveCfg = Release|Any CPU
		{90EE2A05-3C04-4D82-BCAF-E9F258356DC3}.Release|x86.Build.0 = Release|Any CPU
		{89C6F41B-2DD3-409D-986C-69D317C360E3}.Debug|Any CPU.ActiveCfg = Debug|Any CPU
		{89C6F41B-2DD3-409D-986C-69D317C360E3}.Debug|Any CPU.Build.0 = Debug|Any CPU
		{89C6F41B-2DD3-409D-986C-69D317C360E3}.Debug|x64.ActiveCfg = Debug|Any CPU
		{89C6F41B-2DD3-409D-986C-69D317C360E3}.Debug|x64.Build.0 = Debug|Any CPU
		{89C6F41B-2DD3-409D-986C-69D317C360E3}.Debug|x86.ActiveCfg = Debug|Any CPU
		{89C6F41B-2DD3-409D-986C-69D317C360E3}.Debug|x86.Build.0 = Debug|Any CPU
		{89C6F41B-2DD3-409D-986C-69D317C360E3}.Release|Any CPU.ActiveCfg = Release|Any CPU
		{89C6F41B-2DD3-409D-986C-69D317C360E3}.Release|Any CPU.Build.0 = Release|Any CPU
		{89C6F41B-2DD3-409D-986C-69D317C360E3}.Release|x64.ActiveCfg = Release|Any CPU
		{89C6F41B-2DD3-409D-986C-69D317C360E3}.Release|x64.Build.0 = Release|Any CPU
		{89C6F41B-2DD3-409D-986C-69D317C360E3}.Release|x86.ActiveCfg = Release|Any CPU
		{89C6F41B-2DD3-409D-986C-69D317C360E3}.Release|x86.Build.0 = Release|Any CPU
		{FF5C55F2-9242-4165-9F84-234C4D51AD90}.Debug|Any CPU.ActiveCfg = Debug|Any CPU
		{FF5C55F2-9242-4165-9F84-234C4D51AD90}.Debug|Any CPU.Build.0 = Debug|Any CPU
		{FF5C55F2-9242-4165-9F84-234C4D51AD90}.Debug|x64.ActiveCfg = Debug|Any CPU
		{FF5C55F2-9242-4165-9F84-234C4D51AD90}.Debug|x64.Build.0 = Debug|Any CPU
		{FF5C55F2-9242-4165-9F84-234C4D51AD90}.Debug|x86.ActiveCfg = Debug|Any CPU
		{FF5C55F2-9242-4165-9F84-234C4D51AD90}.Debug|x86.Build.0 = Debug|Any CPU
		{FF5C55F2-9242-4165-9F84-234C4D51AD90}.Release|Any CPU.ActiveCfg = Release|Any CPU
		{FF5C55F2-9242-4165-9F84-234C4D51AD90}.Release|Any CPU.Build.0 = Release|Any CPU
		{FF5C55F2-9242-4165-9F84-234C4D51AD90}.Release|x64.ActiveCfg = Release|Any CPU
		{FF5C55F2-9242-4165-9F84-234C4D51AD90}.Release|x64.Build.0 = Release|Any CPU
		{FF5C55F2-9242-4165-9F84-234C4D51AD90}.Release|x86.ActiveCfg = Release|Any CPU
		{FF5C55F2-9242-4165-9F84-234C4D51AD90}.Release|x86.Build.0 = Release|Any CPU
		{EF35018D-6956-4999-A2BF-C66F79CC0F92}.Debug|Any CPU.ActiveCfg = Debug|Any CPU
		{EF35018D-6956-4999-A2BF-C66F79CC0F92}.Debug|Any CPU.Build.0 = Debug|Any CPU
		{EF35018D-6956-4999-A2BF-C66F79CC0F92}.Debug|x64.ActiveCfg = Debug|Any CPU
		{EF35018D-6956-4999-A2BF-C66F79CC0F92}.Debug|x64.Build.0 = Debug|Any CPU
		{EF35018D-6956-4999-A2BF-C66F79CC0F92}.Debug|x86.ActiveCfg = Debug|Any CPU
		{EF35018D-6956-4999-A2BF-C66F79CC0F92}.Debug|x86.Build.0 = Debug|Any CPU
		{EF35018D-6956-4999-A2BF-C66F79CC0F92}.Release|Any CPU.ActiveCfg = Release|Any CPU
		{EF35018D-6956-4999-A2BF-C66F79CC0F92}.Release|Any CPU.Build.0 = Release|Any CPU
		{EF35018D-6956-4999-A2BF-C66F79CC0F92}.Release|x64.ActiveCfg = Release|Any CPU
		{EF35018D-6956-4999-A2BF-C66F79CC0F92}.Release|x64.Build.0 = Release|Any CPU
		{EF35018D-6956-4999-A2BF-C66F79CC0F92}.Release|x86.ActiveCfg = Release|Any CPU
		{EF35018D-6956-4999-A2BF-C66F79CC0F92}.Release|x86.Build.0 = Release|Any CPU
		{678FD6E2-D354-4BD5-9300-184707897906}.Debug|Any CPU.ActiveCfg = Debug|Any CPU
		{678FD6E2-D354-4BD5-9300-184707897906}.Debug|Any CPU.Build.0 = Debug|Any CPU
		{678FD6E2-D354-4BD5-9300-184707897906}.Debug|x64.ActiveCfg = Debug|Any CPU
		{678FD6E2-D354-4BD5-9300-184707897906}.Debug|x64.Build.0 = Debug|Any CPU
		{678FD6E2-D354-4BD5-9300-184707897906}.Debug|x86.ActiveCfg = Debug|Any CPU
		{678FD6E2-D354-4BD5-9300-184707897906}.Debug|x86.Build.0 = Debug|Any CPU
		{678FD6E2-D354-4BD5-9300-184707897906}.Release|Any CPU.ActiveCfg = Release|Any CPU
		{678FD6E2-D354-4BD5-9300-184707897906}.Release|Any CPU.Build.0 = Release|Any CPU
		{678FD6E2-D354-4BD5-9300-184707897906}.Release|x64.ActiveCfg = Release|Any CPU
		{678FD6E2-D354-4BD5-9300-184707897906}.Release|x64.Build.0 = Release|Any CPU
		{678FD6E2-D354-4BD5-9300-184707897906}.Release|x86.ActiveCfg = Release|Any CPU
		{678FD6E2-D354-4BD5-9300-184707897906}.Release|x86.Build.0 = Release|Any CPU
		{A0DECCC3-04FC-44EB-ACBE-B7DE2C6BB51B}.Debug|Any CPU.ActiveCfg = Debug|Any CPU
		{A0DECCC3-04FC-44EB-ACBE-B7DE2C6BB51B}.Debug|Any CPU.Build.0 = Debug|Any CPU
		{A0DECCC3-04FC-44EB-ACBE-B7DE2C6BB51B}.Debug|x64.ActiveCfg = Debug|Any CPU
		{A0DECCC3-04FC-44EB-ACBE-B7DE2C6BB51B}.Debug|x64.Build.0 = Debug|Any CPU
		{A0DECCC3-04FC-44EB-ACBE-B7DE2C6BB51B}.Debug|x86.ActiveCfg = Debug|Any CPU
		{A0DECCC3-04FC-44EB-ACBE-B7DE2C6BB51B}.Debug|x86.Build.0 = Debug|Any CPU
		{A0DECCC3-04FC-44EB-ACBE-B7DE2C6BB51B}.Release|Any CPU.ActiveCfg = Release|Any CPU
		{A0DECCC3-04FC-44EB-ACBE-B7DE2C6BB51B}.Release|Any CPU.Build.0 = Release|Any CPU
		{A0DECCC3-04FC-44EB-ACBE-B7DE2C6BB51B}.Release|x64.ActiveCfg = Release|Any CPU
		{A0DECCC3-04FC-44EB-ACBE-B7DE2C6BB51B}.Release|x64.Build.0 = Release|Any CPU
		{A0DECCC3-04FC-44EB-ACBE-B7DE2C6BB51B}.Release|x86.ActiveCfg = Release|Any CPU
		{A0DECCC3-04FC-44EB-ACBE-B7DE2C6BB51B}.Release|x86.Build.0 = Release|Any CPU
		{59E287C1-3795-47FF-9A38-8F8001D140B0}.Debug|Any CPU.ActiveCfg = Debug|Any CPU
		{59E287C1-3795-47FF-9A38-8F8001D140B0}.Debug|Any CPU.Build.0 = Debug|Any CPU
		{59E287C1-3795-47FF-9A38-8F8001D140B0}.Debug|x64.ActiveCfg = Debug|Any CPU
		{59E287C1-3795-47FF-9A38-8F8001D140B0}.Debug|x64.Build.0 = Debug|Any CPU
		{59E287C1-3795-47FF-9A38-8F8001D140B0}.Debug|x86.ActiveCfg = Debug|Any CPU
		{59E287C1-3795-47FF-9A38-8F8001D140B0}.Debug|x86.Build.0 = Debug|Any CPU
		{59E287C1-3795-47FF-9A38-8F8001D140B0}.Release|Any CPU.ActiveCfg = Release|Any CPU
		{59E287C1-3795-47FF-9A38-8F8001D140B0}.Release|Any CPU.Build.0 = Release|Any CPU
		{59E287C1-3795-47FF-9A38-8F8001D140B0}.Release|x64.ActiveCfg = Release|Any CPU
		{59E287C1-3795-47FF-9A38-8F8001D140B0}.Release|x64.Build.0 = Release|Any CPU
		{59E287C1-3795-47FF-9A38-8F8001D140B0}.Release|x86.ActiveCfg = Release|Any CPU
		{59E287C1-3795-47FF-9A38-8F8001D140B0}.Release|x86.Build.0 = Release|Any CPU
		{E6B72767-7CC7-4DBE-9B87-7BC57D068F13}.Debug|Any CPU.ActiveCfg = Debug|Any CPU
		{E6B72767-7CC7-4DBE-9B87-7BC57D068F13}.Debug|Any CPU.Build.0 = Debug|Any CPU
		{E6B72767-7CC7-4DBE-9B87-7BC57D068F13}.Debug|x64.ActiveCfg = Debug|Any CPU
		{E6B72767-7CC7-4DBE-9B87-7BC57D068F13}.Debug|x64.Build.0 = Debug|Any CPU
		{E6B72767-7CC7-4DBE-9B87-7BC57D068F13}.Debug|x86.ActiveCfg = Debug|Any CPU
		{E6B72767-7CC7-4DBE-9B87-7BC57D068F13}.Debug|x86.Build.0 = Debug|Any CPU
		{E6B72767-7CC7-4DBE-9B87-7BC57D068F13}.Release|Any CPU.ActiveCfg = Release|Any CPU
		{E6B72767-7CC7-4DBE-9B87-7BC57D068F13}.Release|Any CPU.Build.0 = Release|Any CPU
		{E6B72767-7CC7-4DBE-9B87-7BC57D068F13}.Release|x64.ActiveCfg = Release|Any CPU
		{E6B72767-7CC7-4DBE-9B87-7BC57D068F13}.Release|x64.Build.0 = Release|Any CPU
		{E6B72767-7CC7-4DBE-9B87-7BC57D068F13}.Release|x86.ActiveCfg = Release|Any CPU
		{E6B72767-7CC7-4DBE-9B87-7BC57D068F13}.Release|x86.Build.0 = Release|Any CPU
		{05C37FCE-B0BF-4C77-A3C3-A32DC23E09BB}.Debug|Any CPU.ActiveCfg = Debug|Any CPU
		{05C37FCE-B0BF-4C77-A3C3-A32DC23E09BB}.Debug|Any CPU.Build.0 = Debug|Any CPU
		{05C37FCE-B0BF-4C77-A3C3-A32DC23E09BB}.Debug|x64.ActiveCfg = Debug|Any CPU
		{05C37FCE-B0BF-4C77-A3C3-A32DC23E09BB}.Debug|x64.Build.0 = Debug|Any CPU
		{05C37FCE-B0BF-4C77-A3C3-A32DC23E09BB}.Debug|x86.ActiveCfg = Debug|Any CPU
		{05C37FCE-B0BF-4C77-A3C3-A32DC23E09BB}.Debug|x86.Build.0 = Debug|Any CPU
		{05C37FCE-B0BF-4C77-A3C3-A32DC23E09BB}.Release|Any CPU.ActiveCfg = Release|Any CPU
		{05C37FCE-B0BF-4C77-A3C3-A32DC23E09BB}.Release|Any CPU.Build.0 = Release|Any CPU
		{05C37FCE-B0BF-4C77-A3C3-A32DC23E09BB}.Release|x64.ActiveCfg = Release|Any CPU
		{05C37FCE-B0BF-4C77-A3C3-A32DC23E09BB}.Release|x64.Build.0 = Release|Any CPU
		{05C37FCE-B0BF-4C77-A3C3-A32DC23E09BB}.Release|x86.ActiveCfg = Release|Any CPU
		{05C37FCE-B0BF-4C77-A3C3-A32DC23E09BB}.Release|x86.Build.0 = Release|Any CPU
	EndGlobalSection
	GlobalSection(SolutionProperties) = preSolution
		HideSolutionNode = FALSE
	EndGlobalSection
	GlobalSection(NestedProjects) = preSolution
		{90EE2A05-3C04-4D82-BCAF-E9F258356DC3} = {827E0CD3-B72D-47B6-A68D-7590B98EB39B}
		{89C6F41B-2DD3-409D-986C-69D317C360E3} = {827E0CD3-B72D-47B6-A68D-7590B98EB39B}
		{FF5C55F2-9242-4165-9F84-234C4D51AD90} = {827E0CD3-B72D-47B6-A68D-7590B98EB39B}
		{EF35018D-6956-4999-A2BF-C66F79CC0F92} = {827E0CD3-B72D-47B6-A68D-7590B98EB39B}
		{678FD6E2-D354-4BD5-9300-184707897906} = {827E0CD3-B72D-47B6-A68D-7590B98EB39B}
		{A0DECCC3-04FC-44EB-ACBE-B7DE2C6BB51B} = {0AB3BF05-4346-4AA6-1389-037BE0695223}
		{59E287C1-3795-47FF-9A38-8F8001D140B0} = {0AB3BF05-4346-4AA6-1389-037BE0695223}
		{E6B72767-7CC7-4DBE-9B87-7BC57D068F13} = {0AB3BF05-4346-4AA6-1389-037BE0695223}
		{05C37FCE-B0BF-4C77-A3C3-A32DC23E09BB} = {0AB3BF05-4346-4AA6-1389-037BE0695223}
	EndGlobalSection
EndGlobal
